
Microsoft Visual Studio Solution File, Format Version 12.00
# Visual Studio Version 17
VisualStudioVersion = 17.8.34309.116
MinimumVisualStudioVersion = 10.0.40219.1
Project("{FAE04EC0-301F-11D3-BF4B-00C04F79EFBC}") = "SalesAnalisys", "SalesAnalisys\SalesAnalisys.csproj", "{185DA373-8A94-4AD2-959B-0CBAEB4E06A7}"
EndProject
Global
	GlobalSection(SolutionConfigurationPlatforms) = preSolution
		Debug|Any CPU = Debug|Any CPU
		Release|Any CPU = Release|Any CPU
	EndGlobalSection
	GlobalSection(ProjectConfigurationPlatforms) = postSolution
		{185DA373-8A94-4AD2-959B-0CBAEB4E06A7}.Debug|Any CPU.ActiveCfg = Debug|Any CPU
		{185DA373-8A94-4AD2-959B-0CBAEB4E06A7}.Debug|Any CPU.Build.0 = Debug|Any CPU
		{185DA373-8A94-4AD2-959B-0CBAEB4E06A7}.Release|Any CPU.ActiveCfg = Release|Any CPU
		{185DA373-8A94-4AD2-959B-0CBAEB4E06A7}.Release|Any CPU.Build.0 = Release|Any CPU
	EndGlobalSection
	GlobalSection(SolutionProperties) = preSolution
		HideSolutionNode = FALSE
	EndGlobalSection
	GlobalSection(ExtensibilityGlobals) = postSolution
		SolutionGuid = {DBFBD6DE-B7D0-44A0-BB06-9C4E7142EAF2}
	EndGlobalSection
EndGlobal
